
Microsoft Visual Studio Solution File, Format Version 12.00
# Visual Studio 14
VisualStudioVersion = 14.0.25123.0
MinimumVisualStudioVersion = 10.0.40219.1
Project("{8BC9CEB8-8B4A-11D0-8D11-00A0C91BC942}") = "Intro to OpenGL", "Intro to OpenGL\Intro to OpenGL.vcxproj", "{69C391EC-2DD6-4EC1-997F-FB9205205802}"
EndProject
Project("{8BC9CEB8-8B4A-11D0-8D11-00A0C91BC942}") = "Cameras and Projections", "Cameras and Projections\Cameras and Projections.vcxproj", "{9FE63F59-C76F-422B-86C3-C6487189C22F}"
EndProject
Project("{8BC9CEB8-8B4A-11D0-8D11-00A0C91BC942}") = "Rendering Geometry", "Rendering Geometry\Rendering Geometry.vcxproj", "{3FA0AB72-B614-4EBD-A585-DC0D1BF2B83D}"
EndProject
Project("{8BC9CEB8-8B4A-11D0-8D11-00A0C91BC942}") = "Textures", "Textures\Textures.vcxproj", "{E33C0020-DDAC-4AF4-8B22-F6877C49BEAD}"
EndProject
Project("{8BC9CEB8-8B4A-11D0-8D11-00A0C91BC942}") = "Procedural Generation", "Procedural Generation\Procedural Generation.vcxproj", "{902B6746-A170-4D5E-8314-C2D41B3E7B66}"
EndProject
Project("{8BC9CEB8-8B4A-11D0-8D11-00A0C91BC942}") = "Textures2", "Textures2\Textures2.vcxproj", "{ACD9EB98-547D-408F-80FD-C38AD5872FDD}"
EndProject
Global
	GlobalSection(SolutionConfigurationPlatforms) = preSolution
		Debug|x64 = Debug|x64
		Debug|x86 = Debug|x86
		Release|x64 = Release|x64
		Release|x86 = Release|x86
	EndGlobalSection
	GlobalSection(ProjectConfigurationPlatforms) = postSolution
		{69C391EC-2DD6-4EC1-997F-FB9205205802}.Debug|x64.ActiveCfg = Debug|x64
		{69C391EC-2DD6-4EC1-997F-FB9205205802}.Debug|x64.Build.0 = Debug|x64
		{69C391EC-2DD6-4EC1-997F-FB9205205802}.Debug|x86.ActiveCfg = Debug|Win32
		{69C391EC-2DD6-4EC1-997F-FB9205205802}.Debug|x86.Build.0 = Debug|Win32
		{69C391EC-2DD6-4EC1-997F-FB9205205802}.Release|x64.ActiveCfg = Release|x64
		{69C391EC-2DD6-4EC1-997F-FB9205205802}.Release|x64.Build.0 = Release|x64
		{69C391EC-2DD6-4EC1-997F-FB9205205802}.Release|x86.ActiveCfg = Release|Win32
		{69C391EC-2DD6-4EC1-997F-FB9205205802}.Release|x86.Build.0 = Release|Win32
		{9FE63F59-C76F-422B-86C3-C6487189C22F}.Debug|x64.ActiveCfg = Debug|x64
		{9FE63F59-C76F-422B-86C3-C6487189C22F}.Debug|x64.Build.0 = Debug|x64
		{9FE63F59-C76F-422B-86C3-C6487189C22F}.Debug|x86.ActiveCfg = Debug|Win32
		{9FE63F59-C76F-422B-86C3-C6487189C22F}.Debug|x86.Build.0 = Debug|Win32
		{9FE63F59-C76F-422B-86C3-C6487189C22F}.Release|x64.ActiveCfg = Release|x64
		{9FE63F59-C76F-422B-86C3-C6487189C22F}.Release|x64.Build.0 = Release|x64
		{9FE63F59-C76F-422B-86C3-C6487189C22F}.Release|x86.ActiveCfg = Release|Win32
		{9FE63F59-C76F-422B-86C3-C6487189C22F}.Release|x86.Build.0 = Release|Win32
		{3FA0AB72-B614-4EBD-A585-DC0D1BF2B83D}.Debug|x64.ActiveCfg = Debug|x64
		{3FA0AB72-B614-4EBD-A585-DC0D1BF2B83D}.Debug|x64.Build.0 = Debug|x64
		{3FA0AB72-B614-4EBD-A585-DC0D1BF2B83D}.Debug|x86.ActiveCfg = Debug|Win32
		{3FA0AB72-B614-4EBD-A585-DC0D1BF2B83D}.Debug|x86.Build.0 = Debug|Win32
		{3FA0AB72-B614-4EBD-A585-DC0D1BF2B83D}.Release|x64.ActiveCfg = Release|x64
		{3FA0AB72-B614-4EBD-A585-DC0D1BF2B83D}.Release|x64.Build.0 = Release|x64
		{3FA0AB72-B614-4EBD-A585-DC0D1BF2B83D}.Release|x86.ActiveCfg = Release|Win32
		{3FA0AB72-B614-4EBD-A585-DC0D1BF2B83D}.Release|x86.Build.0 = Release|Win32
		{E33C0020-DDAC-4AF4-8B22-F6877C49BEAD}.Debug|x64.ActiveCfg = Debug|x64
		{E33C0020-DDAC-4AF4-8B22-F6877C49BEAD}.Debug|x64.Build.0 = Debug|x64
		{E33C0020-DDAC-4AF4-8B22-F6877C49BEAD}.Debug|x86.ActiveCfg = Debug|Win32
		{E33C0020-DDAC-4AF4-8B22-F6877C49BEAD}.Debug|x86.Build.0 = Debug|Win32
		{E33C0020-DDAC-4AF4-8B22-F6877C49BEAD}.Release|x64.ActiveCfg = Release|x64
		{E33C0020-DDAC-4AF4-8B22-F6877C49BEAD}.Release|x64.Build.0 = Release|x64
		{E33C0020-DDAC-4AF4-8B22-F6877C49BEAD}.Release|x86.ActiveCfg = Release|Win32
		{E33C0020-DDAC-4AF4-8B22-F6877C49BEAD}.Release|x86.Build.0 = Release|Win32
		{902B6746-A170-4D5E-8314-C2D41B3E7B66}.Debug|x64.ActiveCfg = Debug|x64
		{902B6746-A170-4D5E-8314-C2D41B3E7B66}.Debug|x64.Build.0 = Debug|x64
		{902B6746-A170-4D5E-8314-C2D41B3E7B66}.Debug|x86.ActiveCfg = Debug|Win32
		{902B6746-A170-4D5E-8314-C2D41B3E7B66}.Debug|x86.Build.0 = Debug|Win32
		{902B6746-A170-4D5E-8314-C2D41B3E7B66}.Release|x64.ActiveCfg = Release|x64
		{902B6746-A170-4D5E-8314-C2D41B3E7B66}.Release|x64.Build.0 = Release|x64
		{902B6746-A170-4D5E-8314-C2D41B3E7B66}.Release|x86.ActiveCfg = Release|Win32
		{902B6746-A170-4D5E-8314-C2D41B3E7B66}.Release|x86.Build.0 = Release|Win32
		{ACD9EB98-547D-408F-80FD-C38AD5872FDD}.Debug|x64.ActiveCfg = Debug|x64
		{ACD9EB98-547D-408F-80FD-C38AD5872FDD}.Debug|x64.Build.0 = Debug|x64
		{ACD9EB98-547D-408F-80FD-C38AD5872FDD}.Debug|x86.ActiveCfg = Debug|Win32
		{ACD9EB98-547D-408F-80FD-C38AD5872FDD}.Debug|x86.Build.0 = Debug|Win32
		{ACD9EB98-547D-408F-80FD-C38AD5872FDD}.Release|x64.ActiveCfg = Release|x64
		{ACD9EB98-547D-408F-80FD-C38AD5872FDD}.Release|x64.Build.0 = Release|x64
		{ACD9EB98-547D-408F-80FD-C38AD5872FDD}.Release|x86.ActiveCfg = Release|Win32
		{ACD9EB98-547D-408F-80FD-C38AD5872FDD}.Release|x86.Build.0 = Release|Win32
	EndGlobalSection
	GlobalSection(SolutionProperties) = preSolution
		HideSolutionNode = FALSE
	EndGlobalSection
EndGlobal
