
Microsoft Visual Studio Solution File, Format Version 12.00
# Visual Studio 14
VisualStudioVersion = 14.0.25123.0
MinimumVisualStudioVersion = 10.0.40219.1
Project("{8BC9CEB8-8B4A-11D0-8D11-00A0C91BC942}") = "Matrix Multiplication", "Matrix Multiplication\Matrix Multiplication.vcxproj", "{224ACDFC-BE6A-4C00-8C1F-094F8E775015}"
EndProject
Project("{8BC9CEB8-8B4A-11D0-8D11-00A0C91BC942}") = "Identity Matrix Creation", "Identity Matrix Creation\Identity Matrix Creation.vcxproj", "{B367E02D-5FDB-4470-B9B4-FFE908031C7B}"
EndProject
Project("{8BC9CEB8-8B4A-11D0-8D11-00A0C91BC942}") = "Translation Generation", "Translation Generation\Translation Generation.vcxproj", "{0C5CA8A5-9E00-4E19-AB21-8E8F821260AB}"
EndProject
Project("{8BC9CEB8-8B4A-11D0-8D11-00A0C91BC942}") = "Matrix Inversion", "Matrix Inversion\Matrix Inversion.vcxproj", "{0B850E77-CDBB-4D72-AA7E-797EBE2544E1}"
EndProject
Project("{8BC9CEB8-8B4A-11D0-8D11-00A0C91BC942}") = "Translation Functions", "Translation Functions\Translation Functions.vcxproj", "{AD01B9B7-D736-44F5-9F0D-4696709A80FD}"
EndProject
Project("{8BC9CEB8-8B4A-11D0-8D11-00A0C91BC942}") = "Generate Pro, Ortho, Per Matrices", "Generate Pro, Ortho, Per Matrices\Generate Pro, Ortho, Per Matrices.vcxproj", "{9FE95ED6-E947-4955-89C4-209C8873D8C7}"
EndProject
Project("{8BC9CEB8-8B4A-11D0-8D11-00A0C91BC942}") = "Array Argument", "Array Argument\Array Argument.vcxproj", "{7567106D-B56A-4599-BE2F-0E0F8A523ECF}"
EndProject
Project("{8BC9CEB8-8B4A-11D0-8D11-00A0C91BC942}") = "Prime Number Functions", "Prime Number Functions\Prime Number Functions.vcxproj", "{65C100D7-ED3A-4B17-8B2A-5074E9B793BF}"
EndProject
Project("{8BC9CEB8-8B4A-11D0-8D11-00A0C91BC942}") = "Min and Max Functions", "Min and Max Functions\Min and Max Functions.vcxproj", "{1AA94462-C072-4F49-9AED-4BCA03CB1824}"
EndProject
Project("{8BC9CEB8-8B4A-11D0-8D11-00A0C91BC942}") = "Character Array Length", "Character Array Length\Character Array Length.vcxproj", "{49455E91-5560-4E27-B368-447348C0D5B0}"
EndProject
Project("{8BC9CEB8-8B4A-11D0-8D11-00A0C91BC942}") = "Passed Function Overload", "Passed Function Overload\Passed Function Overload.vcxproj", "{6FF5ADD7-A75E-42C0-906F-E319595A48F0}"
EndProject
Project("{8BC9CEB8-8B4A-11D0-8D11-00A0C91BC942}") = "Draw Circle", "Draw Circle\Draw Circle.vcxproj", "{F54DC581-4EC1-4525-92D2-953454CA5307}"
EndProject
Global
	GlobalSection(SolutionConfigurationPlatforms) = preSolution
		Debug|x64 = Debug|x64
		Debug|x86 = Debug|x86
		Release|x64 = Release|x64
		Release|x86 = Release|x86
	EndGlobalSection
	GlobalSection(ProjectConfigurationPlatforms) = postSolution
		{224ACDFC-BE6A-4C00-8C1F-094F8E775015}.Debug|x64.ActiveCfg = Debug|x64
		{224ACDFC-BE6A-4C00-8C1F-094F8E775015}.Debug|x64.Build.0 = Debug|x64
		{224ACDFC-BE6A-4C00-8C1F-094F8E775015}.Debug|x86.ActiveCfg = Debug|Win32
		{224ACDFC-BE6A-4C00-8C1F-094F8E775015}.Debug|x86.Build.0 = Debug|Win32
		{224ACDFC-BE6A-4C00-8C1F-094F8E775015}.Release|x64.ActiveCfg = Release|x64
		{224ACDFC-BE6A-4C00-8C1F-094F8E775015}.Release|x64.Build.0 = Release|x64
		{224ACDFC-BE6A-4C00-8C1F-094F8E775015}.Release|x86.ActiveCfg = Release|Win32
		{224ACDFC-BE6A-4C00-8C1F-094F8E775015}.Release|x86.Build.0 = Release|Win32
		{B367E02D-5FDB-4470-B9B4-FFE908031C7B}.Debug|x64.ActiveCfg = Debug|x64
		{B367E02D-5FDB-4470-B9B4-FFE908031C7B}.Debug|x64.Build.0 = Debug|x64
		{B367E02D-5FDB-4470-B9B4-FFE908031C7B}.Debug|x86.ActiveCfg = Debug|Win32
		{B367E02D-5FDB-4470-B9B4-FFE908031C7B}.Debug|x86.Build.0 = Debug|Win32
		{B367E02D-5FDB-4470-B9B4-FFE908031C7B}.Release|x64.ActiveCfg = Release|x64
		{B367E02D-5FDB-4470-B9B4-FFE908031C7B}.Release|x64.Build.0 = Release|x64
		{B367E02D-5FDB-4470-B9B4-FFE908031C7B}.Release|x86.ActiveCfg = Release|Win32
		{B367E02D-5FDB-4470-B9B4-FFE908031C7B}.Release|x86.Build.0 = Release|Win32
		{0C5CA8A5-9E00-4E19-AB21-8E8F821260AB}.Debug|x64.ActiveCfg = Debug|x64
		{0C5CA8A5-9E00-4E19-AB21-8E8F821260AB}.Debug|x64.Build.0 = Debug|x64
		{0C5CA8A5-9E00-4E19-AB21-8E8F821260AB}.Debug|x86.ActiveCfg = Debug|Win32
		{0C5CA8A5-9E00-4E19-AB21-8E8F821260AB}.Debug|x86.Build.0 = Debug|Win32
		{0C5CA8A5-9E00-4E19-AB21-8E8F821260AB}.Release|x64.ActiveCfg = Release|x64
		{0C5CA8A5-9E00-4E19-AB21-8E8F821260AB}.Release|x64.Build.0 = Release|x64
		{0C5CA8A5-9E00-4E19-AB21-8E8F821260AB}.Release|x86.ActiveCfg = Release|Win32
		{0C5CA8A5-9E00-4E19-AB21-8E8F821260AB}.Release|x86.Build.0 = Release|Win32
		{0B850E77-CDBB-4D72-AA7E-797EBE2544E1}.Debug|x64.ActiveCfg = Debug|x64
		{0B850E77-CDBB-4D72-AA7E-797EBE2544E1}.Debug|x64.Build.0 = Debug|x64
		{0B850E77-CDBB-4D72-AA7E-797EBE2544E1}.Debug|x86.ActiveCfg = Debug|Win32
		{0B850E77-CDBB-4D72-AA7E-797EBE2544E1}.Debug|x86.Build.0 = Debug|Win32
		{0B850E77-CDBB-4D72-AA7E-797EBE2544E1}.Release|x64.ActiveCfg = Release|x64
		{0B850E77-CDBB-4D72-AA7E-797EBE2544E1}.Release|x64.Build.0 = Release|x64
		{0B850E77-CDBB-4D72-AA7E-797EBE2544E1}.Release|x86.ActiveCfg = Release|Win32
		{0B850E77-CDBB-4D72-AA7E-797EBE2544E1}.Release|x86.Build.0 = Release|Win32
		{AD01B9B7-D736-44F5-9F0D-4696709A80FD}.Debug|x64.ActiveCfg = Debug|x64
		{AD01B9B7-D736-44F5-9F0D-4696709A80FD}.Debug|x64.Build.0 = Debug|x64
		{AD01B9B7-D736-44F5-9F0D-4696709A80FD}.Debug|x86.ActiveCfg = Debug|Win32
		{AD01B9B7-D736-44F5-9F0D-4696709A80FD}.Debug|x86.Build.0 = Debug|Win32
		{AD01B9B7-D736-44F5-9F0D-4696709A80FD}.Release|x64.ActiveCfg = Release|x64
		{AD01B9B7-D736-44F5-9F0D-4696709A80FD}.Release|x64.Build.0 = Release|x64
		{AD01B9B7-D736-44F5-9F0D-4696709A80FD}.Release|x86.ActiveCfg = Release|Win32
		{AD01B9B7-D736-44F5-9F0D-4696709A80FD}.Release|x86.Build.0 = Release|Win32
		{9FE95ED6-E947-4955-89C4-209C8873D8C7}.Debug|x64.ActiveCfg = Debug|x64
		{9FE95ED6-E947-4955-89C4-209C8873D8C7}.Debug|x64.Build.0 = Debug|x64
		{9FE95ED6-E947-4955-89C4-209C8873D8C7}.Debug|x86.ActiveCfg = Debug|Win32
		{9FE95ED6-E947-4955-89C4-209C8873D8C7}.Debug|x86.Build.0 = Debug|Win32
		{9FE95ED6-E947-4955-89C4-209C8873D8C7}.Release|x64.ActiveCfg = Release|x64
		{9FE95ED6-E947-4955-89C4-209C8873D8C7}.Release|x64.Build.0 = Release|x64
		{9FE95ED6-E947-4955-89C4-209C8873D8C7}.Release|x86.ActiveCfg = Release|Win32
		{9FE95ED6-E947-4955-89C4-209C8873D8C7}.Release|x86.Build.0 = Release|Win32
		{7567106D-B56A-4599-BE2F-0E0F8A523ECF}.Debug|x64.ActiveCfg = Debug|x64
		{7567106D-B56A-4599-BE2F-0E0F8A523ECF}.Debug|x64.Build.0 = Debug|x64
		{7567106D-B56A-4599-BE2F-0E0F8A523ECF}.Debug|x86.ActiveCfg = Debug|Win32
		{7567106D-B56A-4599-BE2F-0E0F8A523ECF}.Debug|x86.Build.0 = Debug|Win32
		{7567106D-B56A-4599-BE2F-0E0F8A523ECF}.Release|x64.ActiveCfg = Release|x64
		{7567106D-B56A-4599-BE2F-0E0F8A523ECF}.Release|x64.Build.0 = Release|x64
		{7567106D-B56A-4599-BE2F-0E0F8A523ECF}.Release|x86.ActiveCfg = Release|Win32
		{7567106D-B56A-4599-BE2F-0E0F8A523ECF}.Release|x86.Build.0 = Release|Win32
		{65C100D7-ED3A-4B17-8B2A-5074E9B793BF}.Debug|x64.ActiveCfg = Debug|x64
		{65C100D7-ED3A-4B17-8B2A-5074E9B793BF}.Debug|x64.Build.0 = Debug|x64
		{65C100D7-ED3A-4B17-8B2A-5074E9B793BF}.Debug|x86.ActiveCfg = Debug|Win32
		{65C100D7-ED3A-4B17-8B2A-5074E9B793BF}.Debug|x86.Build.0 = Debug|Win32
		{65C100D7-ED3A-4B17-8B2A-5074E9B793BF}.Release|x64.ActiveCfg = Release|x64
		{65C100D7-ED3A-4B17-8B2A-5074E9B793BF}.Release|x64.Build.0 = Release|x64
		{65C100D7-ED3A-4B17-8B2A-5074E9B793BF}.Release|x86.ActiveCfg = Release|Win32
		{65C100D7-ED3A-4B17-8B2A-5074E9B793BF}.Release|x86.Build.0 = Release|Win32
		{1AA94462-C072-4F49-9AED-4BCA03CB1824}.Debug|x64.ActiveCfg = Debug|x64
		{1AA94462-C072-4F49-9AED-4BCA03CB1824}.Debug|x64.Build.0 = Debug|x64
		{1AA94462-C072-4F49-9AED-4BCA03CB1824}.Debug|x86.ActiveCfg = Debug|Win32
		{1AA94462-C072-4F49-9AED-4BCA03CB1824}.Debug|x86.Build.0 = Debug|Win32
		{1AA94462-C072-4F49-9AED-4BCA03CB1824}.Release|x64.ActiveCfg = Release|x64
		{1AA94462-C072-4F49-9AED-4BCA03CB1824}.Release|x64.Build.0 = Release|x64
		{1AA94462-C072-4F49-9AED-4BCA03CB1824}.Release|x86.ActiveCfg = Release|Win32
		{1AA94462-C072-4F49-9AED-4BCA03CB1824}.Release|x86.Build.0 = Release|Win32
		{49455E91-5560-4E27-B368-447348C0D5B0}.Debug|x64.ActiveCfg = Debug|x64
		{49455E91-5560-4E27-B368-447348C0D5B0}.Debug|x64.Build.0 = Debug|x64
		{49455E91-5560-4E27-B368-447348C0D5B0}.Debug|x86.ActiveCfg = Debug|Win32
		{49455E91-5560-4E27-B368-447348C0D5B0}.Debug|x86.Build.0 = Debug|Win32
		{49455E91-5560-4E27-B368-447348C0D5B0}.Release|x64.ActiveCfg = Release|x64
		{49455E91-5560-4E27-B368-447348C0D5B0}.Release|x64.Build.0 = Release|x64
		{49455E91-5560-4E27-B368-447348C0D5B0}.Release|x86.ActiveCfg = Release|Win32
		{49455E91-5560-4E27-B368-447348C0D5B0}.Release|x86.Build.0 = Release|Win32
		{6FF5ADD7-A75E-42C0-906F-E319595A48F0}.Debug|x64.ActiveCfg = Debug|x64
		{6FF5ADD7-A75E-42C0-906F-E319595A48F0}.Debug|x64.Build.0 = Debug|x64
		{6FF5ADD7-A75E-42C0-906F-E319595A48F0}.Debug|x86.ActiveCfg = Debug|Win32
		{6FF5ADD7-A75E-42C0-906F-E319595A48F0}.Debug|x86.Build.0 = Debug|Win32
		{6FF5ADD7-A75E-42C0-906F-E319595A48F0}.Release|x64.ActiveCfg = Release|x64
		{6FF5ADD7-A75E-42C0-906F-E319595A48F0}.Release|x64.Build.0 = Release|x64
		{6FF5ADD7-A75E-42C0-906F-E319595A48F0}.Release|x86.ActiveCfg = Release|Win32
		{6FF5ADD7-A75E-42C0-906F-E319595A48F0}.Release|x86.Build.0 = Release|Win32
		{F54DC581-4EC1-4525-92D2-953454CA5307}.Debug|x64.ActiveCfg = Debug|x64
		{F54DC581-4EC1-4525-92D2-953454CA5307}.Debug|x64.Build.0 = Debug|x64
		{F54DC581-4EC1-4525-92D2-953454CA5307}.Debug|x86.ActiveCfg = Debug|Win32
		{F54DC581-4EC1-4525-92D2-953454CA5307}.Debug|x86.Build.0 = Debug|Win32
		{F54DC581-4EC1-4525-92D2-953454CA5307}.Release|x64.ActiveCfg = Release|x64
		{F54DC581-4EC1-4525-92D2-953454CA5307}.Release|x64.Build.0 = Release|x64
		{F54DC581-4EC1-4525-92D2-953454CA5307}.Release|x86.ActiveCfg = Release|Win32
		{F54DC581-4EC1-4525-92D2-953454CA5307}.Release|x86.Build.0 = Release|Win32
	EndGlobalSection
	GlobalSection(SolutionProperties) = preSolution
		HideSolutionNode = FALSE
	EndGlobalSection
EndGlobal
